
Microsoft Visual Studio Solution File, Format Version 12.00
# Visual Studio 14
VisualStudioVersion = 14.0.25420.1
MinimumVisualStudioVersion = 10.0.40219.1
Project("{FAE04EC0-301F-11D3-BF4B-00C04F79EFBC}") = "Wit.NET", "Wit.NET.csproj", "{B64A69F6-AFC0-46AE-A3AC-2F265C1172E0}"
EndProject
Project("{FAE04EC0-301F-11D3-BF4B-00C04F79EFBC}") = "ConsoleApplication2", "..\ConsoleApplication2\ConsoleApplication2.csproj", "{C17569C2-0027-42AD-B7EF-B8770710E4ED}"
EndProject
Global
	GlobalSection(SolutionConfigurationPlatforms) = preSolution
		Debug|Any CPU = Debug|Any CPU
		Release|Any CPU = Release|Any CPU
	EndGlobalSection
	GlobalSection(ProjectConfigurationPlatforms) = postSolution
		{B64A69F6-AFC0-46AE-A3AC-2F265C1172E0}.Debug|Any CPU.ActiveCfg = Debug|Any CPU
		{B64A69F6-AFC0-46AE-A3AC-2F265C1172E0}.Debug|Any CPU.Build.0 = Debug|Any CPU
		{B64A69F6-AFC0-46AE-A3AC-2F265C1172E0}.Release|Any CPU.ActiveCfg = Release|Any CPU
		{B64A69F6-AFC0-46AE-A3AC-2F265C1172E0}.Release|Any CPU.Build.0 = Release|Any CPU
		{C17569C2-0027-42AD-B7EF-B8770710E4ED}.Debug|Any CPU.ActiveCfg = Debug|Any CPU
		{C17569C2-0027-42AD-B7EF-B8770710E4ED}.Debug|Any CPU.Build.0 = Debug|Any CPU
		{C17569C2-0027-42AD-B7EF-B8770710E4ED}.Release|Any CPU.ActiveCfg = Release|Any CPU
		{C17569C2-0027-42AD-B7EF-B8770710E4ED}.Release|Any CPU.Build.0 = Release|Any CPU
	EndGlobalSection
	GlobalSection(SolutionProperties) = preSolution
		HideSolutionNode = FALSE
	EndGlobalSection
EndGlobal
